
Microsoft Visual Studio Solution File, Format Version 12.00
# Visual Studio Version 16
VisualStudioVersion = 16.0.29006.145
MinimumVisualStudioVersion = 15.0.26124.0
Project("{2150E333-8FDC-42A3-9474-1A3956D46DE8}") = "src", "src", "{8FFDF555-DB50-45F9-9A2D-6410F39151C3}"
	ProjectSection(SolutionItems) = preProject
		src\Directory.Build.props = src\Directory.Build.props
		src\Directory.Build.targets = src\Directory.Build.targets
	EndProjectSection
EndProject
Project("{2150E333-8FDC-42A3-9474-1A3956D46DE8}") = "test", "test", "{DF33E0FB-9790-4654-B60F-8AB22E0CC3D1}"
	ProjectSection(SolutionItems) = preProject
		test\Directory.Build.props = test\Directory.Build.props
		test\Directory.Build.targets = test\Directory.Build.targets
	EndProjectSection
EndProject
Project("{9A19103F-16F7-4668-BE54-9A1E7A4F7556}") = ".build", ".build\.build.csproj", "{55EFAE2F-A7CA-4917-A381-4A6EF5E79610}"
EndProject
Project("{2150E333-8FDC-42A3-9474-1A3956D46DE8}") = ".build", ".build", "{E3DCB78E-EE06-4EA3-88AC-762D8910387C}"
EndProject
Project("{9A19103F-16F7-4668-BE54-9A1E7A4F7556}") = "Rocket.Surgery.Templates", "templates\Rocket.Surgery.Templates.csproj", "{6C6361E8-1028-407F-A413-1024F74242F2}"
EndProject
Project("{2150E333-8FDC-42A3-9474-1A3956D46DE8}") = "templates", "templates", "{86E1CCEF-4A30-402A-A6E9-3651179A281F}"
EndProject
Project("{9A19103F-16F7-4668-BE54-9A1E7A4F7556}") = "Rocket.Surgery.Api", "templates\Api\Rocket.Surgery.Api.csproj", "{4BC09E87-BC8C-4025-B591-9D4618FF4203}"
EndProject
Project("{9A19103F-16F7-4668-BE54-9A1E7A4F7556}") = "Rocket.Surgery.Cli", "templates\Cli\Rocket.Surgery.Cli.csproj", "{93C9E836-DBF1-4AA4-AD9F-C30B66994DC5}"
EndProject
Project("{9A19103F-16F7-4668-BE54-9A1E7A4F7556}") = "Rocket.Surgery.Functions", "templates\Function\Rocket.Surgery.Functions.csproj", "{C182A8E9-63D0-4ECD-941C-BF72D22C06E2}"
EndProject
Project("{9A19103F-16F7-4668-BE54-9A1E7A4F7556}") = "Rocket.Surgery.GenericHost", "templates\GenericHost\Rocket.Surgery.GenericHost.csproj", "{FCCF6EB5-56E7-45EF-972F-8C49AADD4989}"
EndProject
Project("{9A19103F-16F7-4668-BE54-9A1E7A4F7556}") = "Rocket.Surgery.Web", "templates\Web\Rocket.Surgery.Web.csproj", "{CF8A1C3A-B68E-48DE-BCC7-2C18776E8C9E}"
EndProject
Project("{9A19103F-16F7-4668-BE54-9A1E7A4F7556}") = "Library", "templates\Library\Library.csproj", "{8199C9A1-12D4-4283-9303-33A58D3E7AAE}"
EndProject
Project("{9A19103F-16F7-4668-BE54-9A1E7A4F7556}") = "Rocket.Surgery.Templates.Tests", "test\Template.Tests\Rocket.Surgery.Templates.Tests.csproj", "{37C8A585-F799-4D0F-B5F0-5701D7F800A0}"
EndProject
Project("{FAE04EC0-301F-11D3-BF4B-00C04F79EFBC}") = "UnitTest", "templates\UnitTest\UnitTest.csproj", "{96F3C555-D6FD-47F1-BA70-376AE1131E7A}"
EndProject
Global
	GlobalSection(SolutionConfigurationPlatforms) = preSolution
		Debug|Any CPU = Debug|Any CPU
		Debug|x64 = Debug|x64
		Debug|x86 = Debug|x86
		Release|Any CPU = Release|Any CPU
		Release|x64 = Release|x64
		Release|x86 = Release|x86
	EndGlobalSection
	GlobalSection(ProjectConfigurationPlatforms) = postSolution
		{55EFAE2F-A7CA-4917-A381-4A6EF5E79610}.Debug|Any CPU.ActiveCfg = Debug|Any CPU
		{55EFAE2F-A7CA-4917-A381-4A6EF5E79610}.Debug|x64.ActiveCfg = Debug|Any CPU
		{55EFAE2F-A7CA-4917-A381-4A6EF5E79610}.Debug|x64.Build.0 = Debug|Any CPU
		{55EFAE2F-A7CA-4917-A381-4A6EF5E79610}.Debug|x86.ActiveCfg = Debug|Any CPU
		{55EFAE2F-A7CA-4917-A381-4A6EF5E79610}.Debug|x86.Build.0 = Debug|Any CPU
		{55EFAE2F-A7CA-4917-A381-4A6EF5E79610}.Release|Any CPU.ActiveCfg = Release|Any CPU
		{55EFAE2F-A7CA-4917-A381-4A6EF5E79610}.Release|x64.ActiveCfg = Release|Any CPU
		{55EFAE2F-A7CA-4917-A381-4A6EF5E79610}.Release|x64.Build.0 = Release|Any CPU
		{55EFAE2F-A7CA-4917-A381-4A6EF5E79610}.Release|x86.ActiveCfg = Release|Any CPU
		{55EFAE2F-A7CA-4917-A381-4A6EF5E79610}.Release|x86.Build.0 = Release|Any CPU
		{6C6361E8-1028-407F-A413-1024F74242F2}.Debug|Any CPU.ActiveCfg = Debug|Any CPU
		{6C6361E8-1028-407F-A413-1024F74242F2}.Debug|Any CPU.Build.0 = Debug|Any CPU
		{6C6361E8-1028-407F-A413-1024F74242F2}.Debug|x64.ActiveCfg = Debug|Any CPU
		{6C6361E8-1028-407F-A413-1024F74242F2}.Debug|x64.Build.0 = Debug|Any CPU
		{6C6361E8-1028-407F-A413-1024F74242F2}.Debug|x86.ActiveCfg = Debug|Any CPU
		{6C6361E8-1028-407F-A413-1024F74242F2}.Debug|x86.Build.0 = Debug|Any CPU
		{6C6361E8-1028-407F-A413-1024F74242F2}.Release|Any CPU.ActiveCfg = Release|Any CPU
		{6C6361E8-1028-407F-A413-1024F74242F2}.Release|Any CPU.Build.0 = Release|Any CPU
		{6C6361E8-1028-407F-A413-1024F74242F2}.Release|x64.ActiveCfg = Release|Any CPU
		{6C6361E8-1028-407F-A413-1024F74242F2}.Release|x64.Build.0 = Release|Any CPU
		{6C6361E8-1028-407F-A413-1024F74242F2}.Release|x86.ActiveCfg = Release|Any CPU
		{6C6361E8-1028-407F-A413-1024F74242F2}.Release|x86.Build.0 = Release|Any CPU
		{4BC09E87-BC8C-4025-B591-9D4618FF4203}.Debug|Any CPU.ActiveCfg = Debug|Any CPU
		{4BC09E87-BC8C-4025-B591-9D4618FF4203}.Debug|Any CPU.Build.0 = Debug|Any CPU
		{4BC09E87-BC8C-4025-B591-9D4618FF4203}.Debug|x64.ActiveCfg = Debug|Any CPU
		{4BC09E87-BC8C-4025-B591-9D4618FF4203}.Debug|x64.Build.0 = Debug|Any CPU
		{4BC09E87-BC8C-4025-B591-9D4618FF4203}.Debug|x86.ActiveCfg = Debug|Any CPU
		{4BC09E87-BC8C-4025-B591-9D4618FF4203}.Debug|x86.Build.0 = Debug|Any CPU
		{4BC09E87-BC8C-4025-B591-9D4618FF4203}.Release|Any CPU.ActiveCfg = Release|Any CPU
		{4BC09E87-BC8C-4025-B591-9D4618FF4203}.Release|Any CPU.Build.0 = Release|Any CPU
		{4BC09E87-BC8C-4025-B591-9D4618FF4203}.Release|x64.ActiveCfg = Release|Any CPU
		{4BC09E87-BC8C-4025-B591-9D4618FF4203}.Release|x64.Build.0 = Release|Any CPU
		{4BC09E87-BC8C-4025-B591-9D4618FF4203}.Release|x86.ActiveCfg = Release|Any CPU
		{4BC09E87-BC8C-4025-B591-9D4618FF4203}.Release|x86.Build.0 = Release|Any CPU
		{93C9E836-DBF1-4AA4-AD9F-C30B66994DC5}.Debug|Any CPU.ActiveCfg = Debug|Any CPU
		{93C9E836-DBF1-4AA4-AD9F-C30B66994DC5}.Debug|Any CPU.Build.0 = Debug|Any CPU
		{93C9E836-DBF1-4AA4-AD9F-C30B66994DC5}.Debug|x64.ActiveCfg = Debug|Any CPU
		{93C9E836-DBF1-4AA4-AD9F-C30B66994DC5}.Debug|x64.Build.0 = Debug|Any CPU
		{93C9E836-DBF1-4AA4-AD9F-C30B66994DC5}.Debug|x86.ActiveCfg = Debug|Any CPU
		{93C9E836-DBF1-4AA4-AD9F-C30B66994DC5}.Debug|x86.Build.0 = Debug|Any CPU
		{93C9E836-DBF1-4AA4-AD9F-C30B66994DC5}.Release|Any CPU.ActiveCfg = Release|Any CPU
		{93C9E836-DBF1-4AA4-AD9F-C30B66994DC5}.Release|Any CPU.Build.0 = Release|Any CPU
		{93C9E836-DBF1-4AA4-AD9F-C30B66994DC5}.Release|x64.ActiveCfg = Release|Any CPU
		{93C9E836-DBF1-4AA4-AD9F-C30B66994DC5}.Release|x64.Build.0 = Release|Any CPU
		{93C9E836-DBF1-4AA4-AD9F-C30B66994DC5}.Release|x86.ActiveCfg = Release|Any CPU
		{93C9E836-DBF1-4AA4-AD9F-C30B66994DC5}.Release|x86.Build.0 = Release|Any CPU
		{C182A8E9-63D0-4ECD-941C-BF72D22C06E2}.Debug|Any CPU.ActiveCfg = Debug|Any CPU
		{C182A8E9-63D0-4ECD-941C-BF72D22C06E2}.Debug|Any CPU.Build.0 = Debug|Any CPU
		{C182A8E9-63D0-4ECD-941C-BF72D22C06E2}.Debug|x64.ActiveCfg = Debug|Any CPU
		{C182A8E9-63D0-4ECD-941C-BF72D22C06E2}.Debug|x64.Build.0 = Debug|Any CPU
		{C182A8E9-63D0-4ECD-941C-BF72D22C06E2}.Debug|x86.ActiveCfg = Debug|Any CPU
		{C182A8E9-63D0-4ECD-941C-BF72D22C06E2}.Debug|x86.Build.0 = Debug|Any CPU
		{C182A8E9-63D0-4ECD-941C-BF72D22C06E2}.Release|Any CPU.ActiveCfg = Release|Any CPU
		{C182A8E9-63D0-4ECD-941C-BF72D22C06E2}.Release|Any CPU.Build.0 = Release|Any CPU
		{C182A8E9-63D0-4ECD-941C-BF72D22C06E2}.Release|x64.ActiveCfg = Release|Any CPU
		{C182A8E9-63D0-4ECD-941C-BF72D22C06E2}.Release|x64.Build.0 = Release|Any CPU
		{C182A8E9-63D0-4ECD-941C-BF72D22C06E2}.Release|x86.ActiveCfg = Release|Any CPU
		{C182A8E9-63D0-4ECD-941C-BF72D22C06E2}.Release|x86.Build.0 = Release|Any CPU
		{FCCF6EB5-56E7-45EF-972F-8C49AADD4989}.Debug|Any CPU.ActiveCfg = Debug|Any CPU
		{FCCF6EB5-56E7-45EF-972F-8C49AADD4989}.Debug|Any CPU.Build.0 = Debug|Any CPU
		{FCCF6EB5-56E7-45EF-972F-8C49AADD4989}.Debug|x64.ActiveCfg = Debug|Any CPU
		{FCCF6EB5-56E7-45EF-972F-8C49AADD4989}.Debug|x64.Build.0 = Debug|Any CPU
		{FCCF6EB5-56E7-45EF-972F-8C49AADD4989}.Debug|x86.ActiveCfg = Debug|Any CPU
		{FCCF6EB5-56E7-45EF-972F-8C49AADD4989}.Debug|x86.Build.0 = Debug|Any CPU
		{FCCF6EB5-56E7-45EF-972F-8C49AADD4989}.Release|Any CPU.ActiveCfg = Release|Any CPU
		{FCCF6EB5-56E7-45EF-972F-8C49AADD4989}.Release|Any CPU.Build.0 = Release|Any CPU
		{FCCF6EB5-56E7-45EF-972F-8C49AADD4989}.Release|x64.ActiveCfg = Release|Any CPU
		{FCCF6EB5-56E7-45EF-972F-8C49AADD4989}.Release|x64.Build.0 = Release|Any CPU
		{FCCF6EB5-56E7-45EF-972F-8C49AADD4989}.Release|x86.ActiveCfg = Release|Any CPU
		{FCCF6EB5-56E7-45EF-972F-8C49AADD4989}.Release|x86.Build.0 = Release|Any CPU
		{CF8A1C3A-B68E-48DE-BCC7-2C18776E8C9E}.Debug|Any CPU.ActiveCfg = Debug|Any CPU
		{CF8A1C3A-B68E-48DE-BCC7-2C18776E8C9E}.Debug|Any CPU.Build.0 = Debug|Any CPU
		{CF8A1C3A-B68E-48DE-BCC7-2C18776E8C9E}.Debug|x64.ActiveCfg = Debug|Any CPU
		{CF8A1C3A-B68E-48DE-BCC7-2C18776E8C9E}.Debug|x64.Build.0 = Debug|Any CPU
		{CF8A1C3A-B68E-48DE-BCC7-2C18776E8C9E}.Debug|x86.ActiveCfg = Debug|Any CPU
		{CF8A1C3A-B68E-48DE-BCC7-2C18776E8C9E}.Debug|x86.Build.0 = Debug|Any CPU
		{CF8A1C3A-B68E-48DE-BCC7-2C18776E8C9E}.Release|Any CPU.ActiveCfg = Release|Any CPU
		{CF8A1C3A-B68E-48DE-BCC7-2C18776E8C9E}.Release|Any CPU.Build.0 = Release|Any CPU
		{CF8A1C3A-B68E-48DE-BCC7-2C18776E8C9E}.Release|x64.ActiveCfg = Release|Any CPU
		{CF8A1C3A-B68E-48DE-BCC7-2C18776E8C9E}.Release|x64.Build.0 = Release|Any CPU
		{CF8A1C3A-B68E-48DE-BCC7-2C18776E8C9E}.Release|x86.ActiveCfg = Release|Any CPU
		{CF8A1C3A-B68E-48DE-BCC7-2C18776E8C9E}.Release|x86.Build.0 = Release|Any CPU
		{8199C9A1-12D4-4283-9303-33A58D3E7AAE}.Debug|Any CPU.ActiveCfg = Debug|Any CPU
		{8199C9A1-12D4-4283-9303-33A58D3E7AAE}.Debug|Any CPU.Build.0 = Debug|Any CPU
		{8199C9A1-12D4-4283-9303-33A58D3E7AAE}.Debug|x64.ActiveCfg = Debug|Any CPU
		{8199C9A1-12D4-4283-9303-33A58D3E7AAE}.Debug|x64.Build.0 = Debug|Any CPU
		{8199C9A1-12D4-4283-9303-33A58D3E7AAE}.Debug|x86.ActiveCfg = Debug|Any CPU
		{8199C9A1-12D4-4283-9303-33A58D3E7AAE}.Debug|x86.Build.0 = Debug|Any CPU
		{8199C9A1-12D4-4283-9303-33A58D3E7AAE}.Release|Any CPU.ActiveCfg = Release|Any CPU
		{8199C9A1-12D4-4283-9303-33A58D3E7AAE}.Release|Any CPU.Build.0 = Release|Any CPU
		{8199C9A1-12D4-4283-9303-33A58D3E7AAE}.Release|x64.ActiveCfg = Release|Any CPU
		{8199C9A1-12D4-4283-9303-33A58D3E7AAE}.Release|x64.Build.0 = Release|Any CPU
		{8199C9A1-12D4-4283-9303-33A58D3E7AAE}.Release|x86.ActiveCfg = Release|Any CPU
		{8199C9A1-12D4-4283-9303-33A58D3E7AAE}.Release|x86.Build.0 = Release|Any CPU
		{37C8A585-F799-4D0F-B5F0-5701D7F800A0}.Debug|Any CPU.ActiveCfg = Debug|Any CPU
		{37C8A585-F799-4D0F-B5F0-5701D7F800A0}.Debug|Any CPU.Build.0 = Debug|Any CPU
		{37C8A585-F799-4D0F-B5F0-5701D7F800A0}.Debug|x64.ActiveCfg = Debug|Any CPU
		{37C8A585-F799-4D0F-B5F0-5701D7F800A0}.Debug|x64.Build.0 = Debug|Any CPU
		{37C8A585-F799-4D0F-B5F0-5701D7F800A0}.Debug|x86.ActiveCfg = Debug|Any CPU
		{37C8A585-F799-4D0F-B5F0-5701D7F800A0}.Debug|x86.Build.0 = Debug|Any CPU
		{37C8A585-F799-4D0F-B5F0-5701D7F800A0}.Release|Any CPU.ActiveCfg = Release|Any CPU
		{37C8A585-F799-4D0F-B5F0-5701D7F800A0}.Release|Any CPU.Build.0 = Release|Any CPU
		{37C8A585-F799-4D0F-B5F0-5701D7F800A0}.Release|x64.ActiveCfg = Release|Any CPU
		{37C8A585-F799-4D0F-B5F0-5701D7F800A0}.Release|x64.Build.0 = Release|Any CPU
		{37C8A585-F799-4D0F-B5F0-5701D7F800A0}.Release|x86.ActiveCfg = Release|Any CPU
		{37C8A585-F799-4D0F-B5F0-5701D7F800A0}.Release|x86.Build.0 = Release|Any CPU
		{96F3C555-D6FD-47F1-BA70-376AE1131E7A}.Debug|Any CPU.ActiveCfg = Debug|Any CPU
		{96F3C555-D6FD-47F1-BA70-376AE1131E7A}.Debug|Any CPU.Build.0 = Debug|Any CPU
		{96F3C555-D6FD-47F1-BA70-376AE1131E7A}.Debug|x64.ActiveCfg = Debug|Any CPU
		{96F3C555-D6FD-47F1-BA70-376AE1131E7A}.Debug|x64.Build.0 = Debug|Any CPU
		{96F3C555-D6FD-47F1-BA70-376AE1131E7A}.Debug|x86.ActiveCfg = Debug|Any CPU
		{96F3C555-D6FD-47F1-BA70-376AE1131E7A}.Debug|x86.Build.0 = Debug|Any CPU
		{96F3C555-D6FD-47F1-BA70-376AE1131E7A}.Release|Any CPU.ActiveCfg = Release|Any CPU
		{96F3C555-D6FD-47F1-BA70-376AE1131E7A}.Release|Any CPU.Build.0 = Release|Any CPU
		{96F3C555-D6FD-47F1-BA70-376AE1131E7A}.Release|x64.ActiveCfg = Release|Any CPU
		{96F3C555-D6FD-47F1-BA70-376AE1131E7A}.Release|x64.Build.0 = Release|Any CPU
		{96F3C555-D6FD-47F1-BA70-376AE1131E7A}.Release|x86.ActiveCfg = Release|Any CPU
		{96F3C555-D6FD-47F1-BA70-376AE1131E7A}.Release|x86.Build.0 = Release|Any CPU
	EndGlobalSection
	GlobalSection(SolutionProperties) = preSolution
		HideSolutionNode = FALSE
	EndGlobalSection
	GlobalSection(NestedProjects) = preSolution
		{55EFAE2F-A7CA-4917-A381-4A6EF5E79610} = {E3DCB78E-EE06-4EA3-88AC-762D8910387C}
		{4BC09E87-BC8C-4025-B591-9D4618FF4203} = {86E1CCEF-4A30-402A-A6E9-3651179A281F}
		{93C9E836-DBF1-4AA4-AD9F-C30B66994DC5} = {86E1CCEF-4A30-402A-A6E9-3651179A281F}
		{C182A8E9-63D0-4ECD-941C-BF72D22C06E2} = {86E1CCEF-4A30-402A-A6E9-3651179A281F}
		{FCCF6EB5-56E7-45EF-972F-8C49AADD4989} = {86E1CCEF-4A30-402A-A6E9-3651179A281F}
		{CF8A1C3A-B68E-48DE-BCC7-2C18776E8C9E} = {86E1CCEF-4A30-402A-A6E9-3651179A281F}
		{8199C9A1-12D4-4283-9303-33A58D3E7AAE} = {86E1CCEF-4A30-402A-A6E9-3651179A281F}
		{37C8A585-F799-4D0F-B5F0-5701D7F800A0} = {DF33E0FB-9790-4654-B60F-8AB22E0CC3D1}
		{96F3C555-D6FD-47F1-BA70-376AE1131E7A} = {86E1CCEF-4A30-402A-A6E9-3651179A281F}
	EndGlobalSection
	GlobalSection(ExtensibilityGlobals) = postSolution
		SolutionGuid = {439897C2-CCBD-44FE-B2DC-A3E4670ADA59}
	EndGlobalSection
EndGlobal
