
Microsoft Visual Studio Solution File, Format Version 12.00
# Visual Studio 15
VisualStudioVersion = 15.0.26124.0
MinimumVisualStudioVersion = 15.0.26124.0
Project("{2150E333-8FDC-42A3-9474-1A3956D46DE8}") = "templates", "templates", "{EE1ECE9E-0A95-4508-88D3-5311ADC6717F}"
EndProject
Project("{FAE04EC0-301F-11D3-BF4B-00C04F79EFBC}") = "Rocket.Surgery.GenericHost", "templates\GenericHost\Rocket.Surgery.GenericHost.csproj", "{EAAAB4C5-0AB1-447C-A409-ECF827C5829D}"
EndProject
Project("{FAE04EC0-301F-11D3-BF4B-00C04F79EFBC}") = "Rocket.Surgery.Cli", "templates\Cli\Rocket.Surgery.Cli.csproj", "{7323351A-0F6B-4B3A-ACB7-09F722C59762}"
EndProject
Project("{FAE04EC0-301F-11D3-BF4B-00C04F79EFBC}") = "Rocket.Surgery.Web", "templates\Web\Rocket.Surgery.Web.csproj", "{7A251FD2-AA52-46D7-96BE-C32C6B79D357}"
EndProject
Project("{FAE04EC0-301F-11D3-BF4B-00C04F79EFBC}") = "Rocket.Surgery.Api", "templates\Api\Rocket.Surgery.Api.csproj", "{E3FE0AE6-C0D0-4021-B207-E8DCCE97BA5E}"
EndProject
Global
	GlobalSection(SolutionProperties) = preSolution
		HideSolutionNode = FALSE
	EndGlobalSection
	GlobalSection(SolutionConfigurationPlatforms) = preSolution
		Debug|Any CPU = Debug|Any CPU
		Debug|x64 = Debug|x64
		Debug|x86 = Debug|x86
		Release|Any CPU = Release|Any CPU
		Release|x64 = Release|x64
		Release|x86 = Release|x86
	EndGlobalSection
	GlobalSection(ProjectConfigurationPlatforms) = postSolution
		{EAAAB4C5-0AB1-447C-A409-ECF827C5829D}.Debug|Any CPU.ActiveCfg = Debug|Any CPU
		{EAAAB4C5-0AB1-447C-A409-ECF827C5829D}.Debug|Any CPU.Build.0 = Debug|Any CPU
		{EAAAB4C5-0AB1-447C-A409-ECF827C5829D}.Debug|x64.ActiveCfg = Debug|Any CPU
		{EAAAB4C5-0AB1-447C-A409-ECF827C5829D}.Debug|x64.Build.0 = Debug|Any CPU
		{EAAAB4C5-0AB1-447C-A409-ECF827C5829D}.Debug|x86.ActiveCfg = Debug|Any CPU
		{EAAAB4C5-0AB1-447C-A409-ECF827C5829D}.Debug|x86.Build.0 = Debug|Any CPU
		{EAAAB4C5-0AB1-447C-A409-ECF827C5829D}.Release|Any CPU.ActiveCfg = Release|Any CPU
		{EAAAB4C5-0AB1-447C-A409-ECF827C5829D}.Release|Any CPU.Build.0 = Release|Any CPU
		{EAAAB4C5-0AB1-447C-A409-ECF827C5829D}.Release|x64.ActiveCfg = Release|Any CPU
		{EAAAB4C5-0AB1-447C-A409-ECF827C5829D}.Release|x64.Build.0 = Release|Any CPU
		{EAAAB4C5-0AB1-447C-A409-ECF827C5829D}.Release|x86.ActiveCfg = Release|Any CPU
		{EAAAB4C5-0AB1-447C-A409-ECF827C5829D}.Release|x86.Build.0 = Release|Any CPU
		{7323351A-0F6B-4B3A-ACB7-09F722C59762}.Debug|Any CPU.ActiveCfg = Debug|Any CPU
		{7323351A-0F6B-4B3A-ACB7-09F722C59762}.Debug|Any CPU.Build.0 = Debug|Any CPU
		{7323351A-0F6B-4B3A-ACB7-09F722C59762}.Debug|x64.ActiveCfg = Debug|Any CPU
		{7323351A-0F6B-4B3A-ACB7-09F722C59762}.Debug|x64.Build.0 = Debug|Any CPU
		{7323351A-0F6B-4B3A-ACB7-09F722C59762}.Debug|x86.ActiveCfg = Debug|Any CPU
		{7323351A-0F6B-4B3A-ACB7-09F722C59762}.Debug|x86.Build.0 = Debug|Any CPU
		{7323351A-0F6B-4B3A-ACB7-09F722C59762}.Release|Any CPU.ActiveCfg = Release|Any CPU
		{7323351A-0F6B-4B3A-ACB7-09F722C59762}.Release|Any CPU.Build.0 = Release|Any CPU
		{7323351A-0F6B-4B3A-ACB7-09F722C59762}.Release|x64.ActiveCfg = Release|Any CPU
		{7323351A-0F6B-4B3A-ACB7-09F722C59762}.Release|x64.Build.0 = Release|Any CPU
		{7323351A-0F6B-4B3A-ACB7-09F722C59762}.Release|x86.ActiveCfg = Release|Any CPU
		{7323351A-0F6B-4B3A-ACB7-09F722C59762}.Release|x86.Build.0 = Release|Any CPU
		{7A251FD2-AA52-46D7-96BE-C32C6B79D357}.Debug|Any CPU.ActiveCfg = Debug|Any CPU
		{7A251FD2-AA52-46D7-96BE-C32C6B79D357}.Debug|Any CPU.Build.0 = Debug|Any CPU
		{7A251FD2-AA52-46D7-96BE-C32C6B79D357}.Debug|x64.ActiveCfg = Debug|Any CPU
		{7A251FD2-AA52-46D7-96BE-C32C6B79D357}.Debug|x64.Build.0 = Debug|Any CPU
		{7A251FD2-AA52-46D7-96BE-C32C6B79D357}.Debug|x86.ActiveCfg = Debug|Any CPU
		{7A251FD2-AA52-46D7-96BE-C32C6B79D357}.Debug|x86.Build.0 = Debug|Any CPU
		{7A251FD2-AA52-46D7-96BE-C32C6B79D357}.Release|Any CPU.ActiveCfg = Release|Any CPU
		{7A251FD2-AA52-46D7-96BE-C32C6B79D357}.Release|Any CPU.Build.0 = Release|Any CPU
		{7A251FD2-AA52-46D7-96BE-C32C6B79D357}.Release|x64.ActiveCfg = Release|Any CPU
		{7A251FD2-AA52-46D7-96BE-C32C6B79D357}.Release|x64.Build.0 = Release|Any CPU
		{7A251FD2-AA52-46D7-96BE-C32C6B79D357}.Release|x86.ActiveCfg = Release|Any CPU
		{7A251FD2-AA52-46D7-96BE-C32C6B79D357}.Release|x86.Build.0 = Release|Any CPU
		{E3FE0AE6-C0D0-4021-B207-E8DCCE97BA5E}.Debug|Any CPU.ActiveCfg = Debug|Any CPU
		{E3FE0AE6-C0D0-4021-B207-E8DCCE97BA5E}.Debug|Any CPU.Build.0 = Debug|Any CPU
		{E3FE0AE6-C0D0-4021-B207-E8DCCE97BA5E}.Debug|x64.ActiveCfg = Debug|Any CPU
		{E3FE0AE6-C0D0-4021-B207-E8DCCE97BA5E}.Debug|x64.Build.0 = Debug|Any CPU
		{E3FE0AE6-C0D0-4021-B207-E8DCCE97BA5E}.Debug|x86.ActiveCfg = Debug|Any CPU
		{E3FE0AE6-C0D0-4021-B207-E8DCCE97BA5E}.Debug|x86.Build.0 = Debug|Any CPU
		{E3FE0AE6-C0D0-4021-B207-E8DCCE97BA5E}.Release|Any CPU.ActiveCfg = Release|Any CPU
		{E3FE0AE6-C0D0-4021-B207-E8DCCE97BA5E}.Release|Any CPU.Build.0 = Release|Any CPU
		{E3FE0AE6-C0D0-4021-B207-E8DCCE97BA5E}.Release|x64.ActiveCfg = Release|Any CPU
		{E3FE0AE6-C0D0-4021-B207-E8DCCE97BA5E}.Release|x64.Build.0 = Release|Any CPU
		{E3FE0AE6-C0D0-4021-B207-E8DCCE97BA5E}.Release|x86.ActiveCfg = Release|Any CPU
		{E3FE0AE6-C0D0-4021-B207-E8DCCE97BA5E}.Release|x86.Build.0 = Release|Any CPU
	EndGlobalSection
	GlobalSection(NestedProjects) = preSolution
		{EAAAB4C5-0AB1-447C-A409-ECF827C5829D} = {EE1ECE9E-0A95-4508-88D3-5311ADC6717F}
		{7323351A-0F6B-4B3A-ACB7-09F722C59762} = {EE1ECE9E-0A95-4508-88D3-5311ADC6717F}
		{7A251FD2-AA52-46D7-96BE-C32C6B79D357} = {EE1ECE9E-0A95-4508-88D3-5311ADC6717F}
		{E3FE0AE6-C0D0-4021-B207-E8DCCE97BA5E} = {EE1ECE9E-0A95-4508-88D3-5311ADC6717F}
	EndGlobalSection
EndGlobal
