
Microsoft Visual Studio Solution File, Format Version 12.00
# Visual Studio Version 16
VisualStudioVersion = 16.0.29006.145
MinimumVisualStudioVersion = 15.0.26124.0
Project("{2150E333-8FDC-42A3-9474-1A3956D46DE8}") = "src", "src", "{8FFDF555-DB50-45F9-9A2D-6410F39151C3}"
	ProjectSection(SolutionItems) = preProject
		src\Directory.Build.props = src\Directory.Build.props
		src\Directory.Build.targets = src\Directory.Build.targets
	EndProjectSection
EndProject
Project("{2150E333-8FDC-42A3-9474-1A3956D46DE8}") = "test", "test", "{DF33E0FB-9790-4654-B60F-8AB22E0CC3D1}"
	ProjectSection(SolutionItems) = preProject
		test\Directory.Build.props = test\Directory.Build.props
		test\Directory.Build.targets = test\Directory.Build.targets
	EndProjectSection
EndProject
Project("{9A19103F-16F7-4668-BE54-9A1E7A4F7556}") = ".build", ".build\.build.csproj", "{55EFAE2F-A7CA-4917-A381-4A6EF5E79610}"
EndProject
Project("{2150E333-8FDC-42A3-9474-1A3956D46DE8}") = ".build", ".build", "{E3DCB78E-EE06-4EA3-88AC-762D8910387C}"
EndProject
Project("{9A19103F-16F7-4668-BE54-9A1E7A4F7556}") = "Rocket.Surgery.Templates.Tests", "test\Template.Tests\Rocket.Surgery.Templates.Tests.csproj", "{37C8A585-F799-4D0F-B5F0-5701D7F800A0}"
EndProject
Project("{FAE04EC0-301F-11D3-BF4B-00C04F79EFBC}") = "Rocket.Surgery.Templates", "templates\Rocket.Surgery.Templates.csproj", "{F87C2B8C-AB10-4583-90B9-CA9A707210E2}"
EndProject
Project("{FAE04EC0-301F-11D3-BF4B-00C04F79EFBC}") = "Rocket.Surgery.Api", "src\Api\Rocket.Surgery.Api.csproj", "{2E847EE8-2FE1-4260-AAF3-790C21913785}"
EndProject
Project("{FAE04EC0-301F-11D3-BF4B-00C04F79EFBC}") = "Rocket.Surgery.Cli", "src\Cli\Rocket.Surgery.Cli.csproj", "{A343CA5F-21B4-4E05-8858-9D48EDEC1183}"
EndProject
Project("{FAE04EC0-301F-11D3-BF4B-00C04F79EFBC}") = "Rocket.Surgery.Functions", "src\Function\Rocket.Surgery.Functions.csproj", "{DF1AD433-28E3-4481-A5BD-57212DC5001A}"
EndProject
Project("{FAE04EC0-301F-11D3-BF4B-00C04F79EFBC}") = "Rocket.Surgery.GenericHost", "src\GenericHost\Rocket.Surgery.GenericHost.csproj", "{2231A185-00F4-4203-97A3-D9391F1503A4}"
EndProject
Project("{FAE04EC0-301F-11D3-BF4B-00C04F79EFBC}") = "Library", "src\Library\Library.csproj", "{FF0FEF63-83C4-41D3-A2B3-62AF0A9657F9}"
EndProject
Project("{FAE04EC0-301F-11D3-BF4B-00C04F79EFBC}") = "UnitTest", "src\UnitTest\UnitTest.csproj", "{61FD1A5A-835E-4CDC-9C94-B9AEF7775A43}"
EndProject
Project("{FAE04EC0-301F-11D3-BF4B-00C04F79EFBC}") = "Rocket.Surgery.Web", "src\Web\Rocket.Surgery.Web.csproj", "{5836DD06-B255-416F-9055-3516CC6F41CE}"
EndProject
Project("{FAE04EC0-301F-11D3-BF4B-00C04F79EFBC}") = "Rocket.Surgery.Worker", "src\Worker\Rocket.Surgery.Worker.csproj", "{2DDF34E4-80A7-427B-AA1F-50BA3324753E}"
EndProject
Project("{2150E333-8FDC-42A3-9474-1A3956D46DE8}") = "templates", "templates", "{07833F9F-4B8B-422E-9168-8B0C129B7D72}"
EndProject
Global
	GlobalSection(SolutionConfigurationPlatforms) = preSolution
		Debug|Any CPU = Debug|Any CPU
		Debug|x64 = Debug|x64
		Debug|x86 = Debug|x86
		Release|Any CPU = Release|Any CPU
		Release|x64 = Release|x64
		Release|x86 = Release|x86
	EndGlobalSection
	GlobalSection(ProjectConfigurationPlatforms) = postSolution
		{55EFAE2F-A7CA-4917-A381-4A6EF5E79610}.Debug|Any CPU.ActiveCfg = Debug|Any CPU
		{55EFAE2F-A7CA-4917-A381-4A6EF5E79610}.Debug|x64.ActiveCfg = Debug|Any CPU
		{55EFAE2F-A7CA-4917-A381-4A6EF5E79610}.Debug|x86.ActiveCfg = Debug|Any CPU
		{55EFAE2F-A7CA-4917-A381-4A6EF5E79610}.Release|Any CPU.ActiveCfg = Release|Any CPU
		{55EFAE2F-A7CA-4917-A381-4A6EF5E79610}.Release|x64.ActiveCfg = Release|Any CPU
		{55EFAE2F-A7CA-4917-A381-4A6EF5E79610}.Release|x86.ActiveCfg = Release|Any CPU
		{37C8A585-F799-4D0F-B5F0-5701D7F800A0}.Debug|Any CPU.ActiveCfg = Debug|Any CPU
		{37C8A585-F799-4D0F-B5F0-5701D7F800A0}.Debug|Any CPU.Build.0 = Debug|Any CPU
		{37C8A585-F799-4D0F-B5F0-5701D7F800A0}.Debug|x64.ActiveCfg = Debug|Any CPU
		{37C8A585-F799-4D0F-B5F0-5701D7F800A0}.Debug|x64.Build.0 = Debug|Any CPU
		{37C8A585-F799-4D0F-B5F0-5701D7F800A0}.Debug|x86.ActiveCfg = Debug|Any CPU
		{37C8A585-F799-4D0F-B5F0-5701D7F800A0}.Debug|x86.Build.0 = Debug|Any CPU
		{37C8A585-F799-4D0F-B5F0-5701D7F800A0}.Release|Any CPU.ActiveCfg = Release|Any CPU
		{37C8A585-F799-4D0F-B5F0-5701D7F800A0}.Release|Any CPU.Build.0 = Release|Any CPU
		{37C8A585-F799-4D0F-B5F0-5701D7F800A0}.Release|x64.ActiveCfg = Release|Any CPU
		{37C8A585-F799-4D0F-B5F0-5701D7F800A0}.Release|x64.Build.0 = Release|Any CPU
		{37C8A585-F799-4D0F-B5F0-5701D7F800A0}.Release|x86.ActiveCfg = Release|Any CPU
		{37C8A585-F799-4D0F-B5F0-5701D7F800A0}.Release|x86.Build.0 = Release|Any CPU
		{F87C2B8C-AB10-4583-90B9-CA9A707210E2}.Debug|Any CPU.ActiveCfg = Debug|Any CPU
		{F87C2B8C-AB10-4583-90B9-CA9A707210E2}.Debug|Any CPU.Build.0 = Debug|Any CPU
		{F87C2B8C-AB10-4583-90B9-CA9A707210E2}.Debug|x64.ActiveCfg = Debug|Any CPU
		{F87C2B8C-AB10-4583-90B9-CA9A707210E2}.Debug|x64.Build.0 = Debug|Any CPU
		{F87C2B8C-AB10-4583-90B9-CA9A707210E2}.Debug|x86.ActiveCfg = Debug|Any CPU
		{F87C2B8C-AB10-4583-90B9-CA9A707210E2}.Debug|x86.Build.0 = Debug|Any CPU
		{F87C2B8C-AB10-4583-90B9-CA9A707210E2}.Release|Any CPU.ActiveCfg = Release|Any CPU
		{F87C2B8C-AB10-4583-90B9-CA9A707210E2}.Release|Any CPU.Build.0 = Release|Any CPU
		{F87C2B8C-AB10-4583-90B9-CA9A707210E2}.Release|x64.ActiveCfg = Release|Any CPU
		{F87C2B8C-AB10-4583-90B9-CA9A707210E2}.Release|x64.Build.0 = Release|Any CPU
		{F87C2B8C-AB10-4583-90B9-CA9A707210E2}.Release|x86.ActiveCfg = Release|Any CPU
		{F87C2B8C-AB10-4583-90B9-CA9A707210E2}.Release|x86.Build.0 = Release|Any CPU
		{2E847EE8-2FE1-4260-AAF3-790C21913785}.Debug|Any CPU.ActiveCfg = Debug|Any CPU
		{2E847EE8-2FE1-4260-AAF3-790C21913785}.Debug|Any CPU.Build.0 = Debug|Any CPU
		{2E847EE8-2FE1-4260-AAF3-790C21913785}.Debug|x64.ActiveCfg = Debug|Any CPU
		{2E847EE8-2FE1-4260-AAF3-790C21913785}.Debug|x64.Build.0 = Debug|Any CPU
		{2E847EE8-2FE1-4260-AAF3-790C21913785}.Debug|x86.ActiveCfg = Debug|Any CPU
		{2E847EE8-2FE1-4260-AAF3-790C21913785}.Debug|x86.Build.0 = Debug|Any CPU
		{2E847EE8-2FE1-4260-AAF3-790C21913785}.Release|Any CPU.ActiveCfg = Release|Any CPU
		{2E847EE8-2FE1-4260-AAF3-790C21913785}.Release|Any CPU.Build.0 = Release|Any CPU
		{2E847EE8-2FE1-4260-AAF3-790C21913785}.Release|x64.ActiveCfg = Release|Any CPU
		{2E847EE8-2FE1-4260-AAF3-790C21913785}.Release|x64.Build.0 = Release|Any CPU
		{2E847EE8-2FE1-4260-AAF3-790C21913785}.Release|x86.ActiveCfg = Release|Any CPU
		{2E847EE8-2FE1-4260-AAF3-790C21913785}.Release|x86.Build.0 = Release|Any CPU
		{A343CA5F-21B4-4E05-8858-9D48EDEC1183}.Debug|Any CPU.ActiveCfg = Debug|Any CPU
		{A343CA5F-21B4-4E05-8858-9D48EDEC1183}.Debug|Any CPU.Build.0 = Debug|Any CPU
		{A343CA5F-21B4-4E05-8858-9D48EDEC1183}.Debug|x64.ActiveCfg = Debug|Any CPU
		{A343CA5F-21B4-4E05-8858-9D48EDEC1183}.Debug|x64.Build.0 = Debug|Any CPU
		{A343CA5F-21B4-4E05-8858-9D48EDEC1183}.Debug|x86.ActiveCfg = Debug|Any CPU
		{A343CA5F-21B4-4E05-8858-9D48EDEC1183}.Debug|x86.Build.0 = Debug|Any CPU
		{A343CA5F-21B4-4E05-8858-9D48EDEC1183}.Release|Any CPU.ActiveCfg = Release|Any CPU
		{A343CA5F-21B4-4E05-8858-9D48EDEC1183}.Release|Any CPU.Build.0 = Release|Any CPU
		{A343CA5F-21B4-4E05-8858-9D48EDEC1183}.Release|x64.ActiveCfg = Release|Any CPU
		{A343CA5F-21B4-4E05-8858-9D48EDEC1183}.Release|x64.Build.0 = Release|Any CPU
		{A343CA5F-21B4-4E05-8858-9D48EDEC1183}.Release|x86.ActiveCfg = Release|Any CPU
		{A343CA5F-21B4-4E05-8858-9D48EDEC1183}.Release|x86.Build.0 = Release|Any CPU
		{DF1AD433-28E3-4481-A5BD-57212DC5001A}.Debug|Any CPU.ActiveCfg = Debug|Any CPU
		{DF1AD433-28E3-4481-A5BD-57212DC5001A}.Debug|Any CPU.Build.0 = Debug|Any CPU
		{DF1AD433-28E3-4481-A5BD-57212DC5001A}.Debug|x64.ActiveCfg = Debug|Any CPU
		{DF1AD433-28E3-4481-A5BD-57212DC5001A}.Debug|x64.Build.0 = Debug|Any CPU
		{DF1AD433-28E3-4481-A5BD-57212DC5001A}.Debug|x86.ActiveCfg = Debug|Any CPU
		{DF1AD433-28E3-4481-A5BD-57212DC5001A}.Debug|x86.Build.0 = Debug|Any CPU
		{DF1AD433-28E3-4481-A5BD-57212DC5001A}.Release|Any CPU.ActiveCfg = Release|Any CPU
		{DF1AD433-28E3-4481-A5BD-57212DC5001A}.Release|Any CPU.Build.0 = Release|Any CPU
		{DF1AD433-28E3-4481-A5BD-57212DC5001A}.Release|x64.ActiveCfg = Release|Any CPU
		{DF1AD433-28E3-4481-A5BD-57212DC5001A}.Release|x64.Build.0 = Release|Any CPU
		{DF1AD433-28E3-4481-A5BD-57212DC5001A}.Release|x86.ActiveCfg = Release|Any CPU
		{DF1AD433-28E3-4481-A5BD-57212DC5001A}.Release|x86.Build.0 = Release|Any CPU
		{2231A185-00F4-4203-97A3-D9391F1503A4}.Debug|Any CPU.ActiveCfg = Debug|Any CPU
		{2231A185-00F4-4203-97A3-D9391F1503A4}.Debug|Any CPU.Build.0 = Debug|Any CPU
		{2231A185-00F4-4203-97A3-D9391F1503A4}.Debug|x64.ActiveCfg = Debug|Any CPU
		{2231A185-00F4-4203-97A3-D9391F1503A4}.Debug|x64.Build.0 = Debug|Any CPU
		{2231A185-00F4-4203-97A3-D9391F1503A4}.Debug|x86.ActiveCfg = Debug|Any CPU
		{2231A185-00F4-4203-97A3-D9391F1503A4}.Debug|x86.Build.0 = Debug|Any CPU
		{2231A185-00F4-4203-97A3-D9391F1503A4}.Release|Any CPU.ActiveCfg = Release|Any CPU
		{2231A185-00F4-4203-97A3-D9391F1503A4}.Release|Any CPU.Build.0 = Release|Any CPU
		{2231A185-00F4-4203-97A3-D9391F1503A4}.Release|x64.ActiveCfg = Release|Any CPU
		{2231A185-00F4-4203-97A3-D9391F1503A4}.Release|x64.Build.0 = Release|Any CPU
		{2231A185-00F4-4203-97A3-D9391F1503A4}.Release|x86.ActiveCfg = Release|Any CPU
		{2231A185-00F4-4203-97A3-D9391F1503A4}.Release|x86.Build.0 = Release|Any CPU
		{FF0FEF63-83C4-41D3-A2B3-62AF0A9657F9}.Debug|Any CPU.ActiveCfg = Debug|Any CPU
		{FF0FEF63-83C4-41D3-A2B3-62AF0A9657F9}.Debug|Any CPU.Build.0 = Debug|Any CPU
		{FF0FEF63-83C4-41D3-A2B3-62AF0A9657F9}.Debug|x64.ActiveCfg = Debug|Any CPU
		{FF0FEF63-83C4-41D3-A2B3-62AF0A9657F9}.Debug|x64.Build.0 = Debug|Any CPU
		{FF0FEF63-83C4-41D3-A2B3-62AF0A9657F9}.Debug|x86.ActiveCfg = Debug|Any CPU
		{FF0FEF63-83C4-41D3-A2B3-62AF0A9657F9}.Debug|x86.Build.0 = Debug|Any CPU
		{FF0FEF63-83C4-41D3-A2B3-62AF0A9657F9}.Release|Any CPU.ActiveCfg = Release|Any CPU
		{FF0FEF63-83C4-41D3-A2B3-62AF0A9657F9}.Release|Any CPU.Build.0 = Release|Any CPU
		{FF0FEF63-83C4-41D3-A2B3-62AF0A9657F9}.Release|x64.ActiveCfg = Release|Any CPU
		{FF0FEF63-83C4-41D3-A2B3-62AF0A9657F9}.Release|x64.Build.0 = Release|Any CPU
		{FF0FEF63-83C4-41D3-A2B3-62AF0A9657F9}.Release|x86.ActiveCfg = Release|Any CPU
		{FF0FEF63-83C4-41D3-A2B3-62AF0A9657F9}.Release|x86.Build.0 = Release|Any CPU
		{61FD1A5A-835E-4CDC-9C94-B9AEF7775A43}.Debug|Any CPU.ActiveCfg = Debug|Any CPU
		{61FD1A5A-835E-4CDC-9C94-B9AEF7775A43}.Debug|Any CPU.Build.0 = Debug|Any CPU
		{61FD1A5A-835E-4CDC-9C94-B9AEF7775A43}.Debug|x64.ActiveCfg = Debug|Any CPU
		{61FD1A5A-835E-4CDC-9C94-B9AEF7775A43}.Debug|x64.Build.0 = Debug|Any CPU
		{61FD1A5A-835E-4CDC-9C94-B9AEF7775A43}.Debug|x86.ActiveCfg = Debug|Any CPU
		{61FD1A5A-835E-4CDC-9C94-B9AEF7775A43}.Debug|x86.Build.0 = Debug|Any CPU
		{61FD1A5A-835E-4CDC-9C94-B9AEF7775A43}.Release|Any CPU.ActiveCfg = Release|Any CPU
		{61FD1A5A-835E-4CDC-9C94-B9AEF7775A43}.Release|Any CPU.Build.0 = Release|Any CPU
		{61FD1A5A-835E-4CDC-9C94-B9AEF7775A43}.Release|x64.ActiveCfg = Release|Any CPU
		{61FD1A5A-835E-4CDC-9C94-B9AEF7775A43}.Release|x64.Build.0 = Release|Any CPU
		{61FD1A5A-835E-4CDC-9C94-B9AEF7775A43}.Release|x86.ActiveCfg = Release|Any CPU
		{61FD1A5A-835E-4CDC-9C94-B9AEF7775A43}.Release|x86.Build.0 = Release|Any CPU
		{5836DD06-B255-416F-9055-3516CC6F41CE}.Debug|Any CPU.ActiveCfg = Debug|Any CPU
		{5836DD06-B255-416F-9055-3516CC6F41CE}.Debug|Any CPU.Build.0 = Debug|Any CPU
		{5836DD06-B255-416F-9055-3516CC6F41CE}.Debug|x64.ActiveCfg = Debug|Any CPU
		{5836DD06-B255-416F-9055-3516CC6F41CE}.Debug|x64.Build.0 = Debug|Any CPU
		{5836DD06-B255-416F-9055-3516CC6F41CE}.Debug|x86.ActiveCfg = Debug|Any CPU
		{5836DD06-B255-416F-9055-3516CC6F41CE}.Debug|x86.Build.0 = Debug|Any CPU
		{5836DD06-B255-416F-9055-3516CC6F41CE}.Release|Any CPU.ActiveCfg = Release|Any CPU
		{5836DD06-B255-416F-9055-3516CC6F41CE}.Release|Any CPU.Build.0 = Release|Any CPU
		{5836DD06-B255-416F-9055-3516CC6F41CE}.Release|x64.ActiveCfg = Release|Any CPU
		{5836DD06-B255-416F-9055-3516CC6F41CE}.Release|x64.Build.0 = Release|Any CPU
		{5836DD06-B255-416F-9055-3516CC6F41CE}.Release|x86.ActiveCfg = Release|Any CPU
		{5836DD06-B255-416F-9055-3516CC6F41CE}.Release|x86.Build.0 = Release|Any CPU
		{2DDF34E4-80A7-427B-AA1F-50BA3324753E}.Debug|Any CPU.ActiveCfg = Debug|Any CPU
		{2DDF34E4-80A7-427B-AA1F-50BA3324753E}.Debug|Any CPU.Build.0 = Debug|Any CPU
		{2DDF34E4-80A7-427B-AA1F-50BA3324753E}.Debug|x64.ActiveCfg = Debug|Any CPU
		{2DDF34E4-80A7-427B-AA1F-50BA3324753E}.Debug|x64.Build.0 = Debug|Any CPU
		{2DDF34E4-80A7-427B-AA1F-50BA3324753E}.Debug|x86.ActiveCfg = Debug|Any CPU
		{2DDF34E4-80A7-427B-AA1F-50BA3324753E}.Debug|x86.Build.0 = Debug|Any CPU
		{2DDF34E4-80A7-427B-AA1F-50BA3324753E}.Release|Any CPU.ActiveCfg = Release|Any CPU
		{2DDF34E4-80A7-427B-AA1F-50BA3324753E}.Release|Any CPU.Build.0 = Release|Any CPU
		{2DDF34E4-80A7-427B-AA1F-50BA3324753E}.Release|x64.ActiveCfg = Release|Any CPU
		{2DDF34E4-80A7-427B-AA1F-50BA3324753E}.Release|x64.Build.0 = Release|Any CPU
		{2DDF34E4-80A7-427B-AA1F-50BA3324753E}.Release|x86.ActiveCfg = Release|Any CPU
		{2DDF34E4-80A7-427B-AA1F-50BA3324753E}.Release|x86.Build.0 = Release|Any CPU
	EndGlobalSection
	GlobalSection(SolutionProperties) = preSolution
		HideSolutionNode = FALSE
	EndGlobalSection
	GlobalSection(NestedProjects) = preSolution
		{55EFAE2F-A7CA-4917-A381-4A6EF5E79610} = {E3DCB78E-EE06-4EA3-88AC-762D8910387C}
		{37C8A585-F799-4D0F-B5F0-5701D7F800A0} = {DF33E0FB-9790-4654-B60F-8AB22E0CC3D1}
		{2E847EE8-2FE1-4260-AAF3-790C21913785} = {8FFDF555-DB50-45F9-9A2D-6410F39151C3}
		{A343CA5F-21B4-4E05-8858-9D48EDEC1183} = {8FFDF555-DB50-45F9-9A2D-6410F39151C3}
		{DF1AD433-28E3-4481-A5BD-57212DC5001A} = {8FFDF555-DB50-45F9-9A2D-6410F39151C3}
		{2231A185-00F4-4203-97A3-D9391F1503A4} = {8FFDF555-DB50-45F9-9A2D-6410F39151C3}
		{FF0FEF63-83C4-41D3-A2B3-62AF0A9657F9} = {8FFDF555-DB50-45F9-9A2D-6410F39151C3}
		{61FD1A5A-835E-4CDC-9C94-B9AEF7775A43} = {8FFDF555-DB50-45F9-9A2D-6410F39151C3}
		{5836DD06-B255-416F-9055-3516CC6F41CE} = {8FFDF555-DB50-45F9-9A2D-6410F39151C3}
		{2DDF34E4-80A7-427B-AA1F-50BA3324753E} = {8FFDF555-DB50-45F9-9A2D-6410F39151C3}
		{F87C2B8C-AB10-4583-90B9-CA9A707210E2} = {07833F9F-4B8B-422E-9168-8B0C129B7D72}
	EndGlobalSection
	GlobalSection(ExtensibilityGlobals) = postSolution
		SolutionGuid = {439897C2-CCBD-44FE-B2DC-A3E4670ADA59}
	EndGlobalSection
EndGlobal
